
Microsoft Visual Studio Solution File, Format Version 12.00
# Visual Studio Version 17
VisualStudioVersion = 17.14.36717.8 d17.14
MinimumVisualStudioVersion = 10.0.40219.1
Project("{FAE04EC0-301F-11D3-BF4B-00C04F79EFBC}") = "miniProject", "miniProject\miniProject.csproj", "{47069B7A-0FD4-4EF1-8512-5231B30D8F53}"
EndProject
Global
	GlobalSection(SolutionConfigurationPlatforms) = preSolution
		Debug|Any CPU = Debug|Any CPU
		Release|Any CPU = Release|Any CPU
	EndGlobalSection
	GlobalSection(ProjectConfigurationPlatforms) = postSolution
		{47069B7A-0FD4-4EF1-8512-5231B30D8F53}.Debug|Any CPU.ActiveCfg = Debug|Any CPU
		{47069B7A-0FD4-4EF1-8512-5231B30D8F53}.Debug|Any CPU.Build.0 = Debug|Any CPU
		{47069B7A-0FD4-4EF1-8512-5231B30D8F53}.Release|Any CPU.ActiveCfg = Release|Any CPU
		{47069B7A-0FD4-4EF1-8512-5231B30D8F53}.Release|Any CPU.Build.0 = Release|Any CPU
	EndGlobalSection
	GlobalSection(SolutionProperties) = preSolution
		HideSolutionNode = FALSE
	EndGlobalSection
	GlobalSection(ExtensibilityGlobals) = postSolution
		SolutionGuid = {CE0806FA-C288-4C0C-8F53-F6CA8DCE8AAE}
	EndGlobalSection
EndGlobal
