
Microsoft Visual Studio Solution File, Format Version 12.00
# Visual Studio Version 17
VisualStudioVersion = 17.14.36717.8 d17.14
MinimumVisualStudioVersion = 10.0.40219.1
Project("{FAE04EC0-301F-11D3-BF4B-00C04F79EFBC}") = "day03", "day03\day03.csproj", "{F3347998-7323-4D83-843A-41CAF78E8D23}"
EndProject
Global
	GlobalSection(SolutionConfigurationPlatforms) = preSolution
		Debug|Any CPU = Debug|Any CPU
		Release|Any CPU = Release|Any CPU
	EndGlobalSection
	GlobalSection(ProjectConfigurationPlatforms) = postSolution
		{F3347998-7323-4D83-843A-41CAF78E8D23}.Debug|Any CPU.ActiveCfg = Debug|Any CPU
		{F3347998-7323-4D83-843A-41CAF78E8D23}.Debug|Any CPU.Build.0 = Debug|Any CPU
		{F3347998-7323-4D83-843A-41CAF78E8D23}.Release|Any CPU.ActiveCfg = Release|Any CPU
		{F3347998-7323-4D83-843A-41CAF78E8D23}.Release|Any CPU.Build.0 = Release|Any CPU
	EndGlobalSection
	GlobalSection(SolutionProperties) = preSolution
		HideSolutionNode = FALSE
	EndGlobalSection
	GlobalSection(ExtensibilityGlobals) = postSolution
		SolutionGuid = {8D91276D-1B68-41F1-A654-D0051B4B9DF6}
	EndGlobalSection
EndGlobal
