
Microsoft Visual Studio Solution File, Format Version 12.00
# Visual Studio Version 17
VisualStudioVersion = 17.14.36717.8 d17.14
MinimumVisualStudioVersion = 10.0.40219.1
Project("{FAE04EC0-301F-11D3-BF4B-00C04F79EFBC}") = "day09", "day09\day09.csproj", "{B7082824-047D-44F3-9937-D909751B8D39}"
EndProject
Global
	GlobalSection(SolutionConfigurationPlatforms) = preSolution
		Debug|Any CPU = Debug|Any CPU
		Release|Any CPU = Release|Any CPU
	EndGlobalSection
	GlobalSection(ProjectConfigurationPlatforms) = postSolution
		{B7082824-047D-44F3-9937-D909751B8D39}.Debug|Any CPU.ActiveCfg = Debug|Any CPU
		{B7082824-047D-44F3-9937-D909751B8D39}.Debug|Any CPU.Build.0 = Debug|Any CPU
		{B7082824-047D-44F3-9937-D909751B8D39}.Release|Any CPU.ActiveCfg = Release|Any CPU
		{B7082824-047D-44F3-9937-D909751B8D39}.Release|Any CPU.Build.0 = Release|Any CPU
	EndGlobalSection
	GlobalSection(SolutionProperties) = preSolution
		HideSolutionNode = FALSE
	EndGlobalSection
	GlobalSection(ExtensibilityGlobals) = postSolution
		SolutionGuid = {9C302CB8-A1B6-48EE-BA6F-64AA2508B183}
	EndGlobalSection
EndGlobal
